
Microsoft Visual Studio Solution File, Format Version 12.00
# Visual Studio 2013
VisualStudioVersion = 12.0.30501.0
MinimumVisualStudioVersion = 10.0.40219.1
Project("{FAE04EC0-301F-11D3-BF4B-00C04F79EFBC}") = "CohabitStoreApp", "CohabitStoreApp\CohabitStoreApp.csproj", "{4D9734FA-8B6E-4412-B48E-E9A6D412D4EC}"
EndProject
Global
	GlobalSection(SolutionConfigurationPlatforms) = preSolution
		Debug|Any CPU = Debug|Any CPU
		Release|Any CPU = Release|Any CPU
	EndGlobalSection
	GlobalSection(ProjectConfigurationPlatforms) = postSolution
		{4D9734FA-8B6E-4412-B48E-E9A6D412D4EC}.Debug|Any CPU.ActiveCfg = Debug|Any CPU
		{4D9734FA-8B6E-4412-B48E-E9A6D412D4EC}.Debug|Any CPU.Build.0 = Debug|Any CPU
		{4D9734FA-8B6E-4412-B48E-E9A6D412D4EC}.Release|Any CPU.ActiveCfg = Release|Any CPU
		{4D9734FA-8B6E-4412-B48E-E9A6D412D4EC}.Release|Any CPU.Build.0 = Release|Any CPU
	EndGlobalSection
	GlobalSection(SolutionProperties) = preSolution
		HideSolutionNode = FALSE
	EndGlobalSection
EndGlobal
